
Microsoft Visual Studio Solution File, Format Version 11.00
# Visual Studio 2010
Project("{FAE04EC0-301F-11D3-BF4B-00C04F79EFBC}") = "TopProcess", "TopProcess.csproj", "{FC7575F3-A655-4C90-A9FA-0C8DD56DF66A}"
EndProject
Project("{FAE04EC0-301F-11D3-BF4B-00C04F79EFBC}") = "TopProcess.Engine", "..\TopProcessEngine\TopProcess.Engine.csproj", "{1A9A717F-EEFF-44D5-AFB5-550566EE61C8}"
EndProject
Global
	GlobalSection(TeamFoundationVersionControl) = preSolution
		SccNumberOfProjects = 3
		SccEnterpriseProvider = {4CA58AB2-18FA-4F8D-95D4-32DDF27D184C}
		SccTeamFoundationServer = https://tfs.codeplex.com/tfs/tfs16
		SccLocalPath0 = .
		SccProjectUniqueName1 = TopProcess.csproj
		SccLocalPath1 = .
		SccProjectUniqueName2 = ..\\TopProcessEngine\\TopProcess.Engine.csproj
		SccProjectName2 = ../TopProcessEngine
		SccLocalPath2 = ..\\TopProcessEngine
	EndGlobalSection
	GlobalSection(SolutionConfigurationPlatforms) = preSolution
		Debug|Any CPU = Debug|Any CPU
		Debug|Mixed Platforms = Debug|Mixed Platforms
		Debug|x86 = Debug|x86
		Release|Any CPU = Release|Any CPU
		Release|Mixed Platforms = Release|Mixed Platforms
		Release|x86 = Release|x86
	EndGlobalSection
	GlobalSection(ProjectConfigurationPlatforms) = postSolution
		{FC7575F3-A655-4C90-A9FA-0C8DD56DF66A}.Debug|Any CPU.ActiveCfg = Debug|x86
		{FC7575F3-A655-4C90-A9FA-0C8DD56DF66A}.Debug|Mixed Platforms.ActiveCfg = Debug|x86
		{FC7575F3-A655-4C90-A9FA-0C8DD56DF66A}.Debug|Mixed Platforms.Build.0 = Debug|x86
		{FC7575F3-A655-4C90-A9FA-0C8DD56DF66A}.Debug|x86.ActiveCfg = Debug|x86
		{FC7575F3-A655-4C90-A9FA-0C8DD56DF66A}.Debug|x86.Build.0 = Debug|x86
		{FC7575F3-A655-4C90-A9FA-0C8DD56DF66A}.Release|Any CPU.ActiveCfg = Release|x86
		{FC7575F3-A655-4C90-A9FA-0C8DD56DF66A}.Release|Mixed Platforms.ActiveCfg = Release|x86
		{FC7575F3-A655-4C90-A9FA-0C8DD56DF66A}.Release|Mixed Platforms.Build.0 = Release|x86
		{FC7575F3-A655-4C90-A9FA-0C8DD56DF66A}.Release|x86.ActiveCfg = Release|x86
		{FC7575F3-A655-4C90-A9FA-0C8DD56DF66A}.Release|x86.Build.0 = Release|x86
		{1A9A717F-EEFF-44D5-AFB5-550566EE61C8}.Debug|Any CPU.ActiveCfg = Debug|Any CPU
		{1A9A717F-EEFF-44D5-AFB5-550566EE61C8}.Debug|Any CPU.Build.0 = Debug|Any CPU
		{1A9A717F-EEFF-44D5-AFB5-550566EE61C8}.Debug|Mixed Platforms.ActiveCfg = Debug|Any CPU
		{1A9A717F-EEFF-44D5-AFB5-550566EE61C8}.Debug|Mixed Platforms.Build.0 = Debug|Any CPU
		{1A9A717F-EEFF-44D5-AFB5-550566EE61C8}.Debug|x86.ActiveCfg = Debug|Any CPU
		{1A9A717F-EEFF-44D5-AFB5-550566EE61C8}.Release|Any CPU.ActiveCfg = Release|Any CPU
		{1A9A717F-EEFF-44D5-AFB5-550566EE61C8}.Release|Any CPU.Build.0 = Release|Any CPU
		{1A9A717F-EEFF-44D5-AFB5-550566EE61C8}.Release|Mixed Platforms.ActiveCfg = Release|Any CPU
		{1A9A717F-EEFF-44D5-AFB5-550566EE61C8}.Release|Mixed Platforms.Build.0 = Release|Any CPU
		{1A9A717F-EEFF-44D5-AFB5-550566EE61C8}.Release|x86.ActiveCfg = Release|Any CPU
	EndGlobalSection
	GlobalSection(SolutionProperties) = preSolution
		HideSolutionNode = FALSE
	EndGlobalSection
EndGlobal
